Microsoft Visual Studio Solution File, Format Version 12.00
# Visual Studio Version 17
VisualStudioVersion = 17.5.2.0
MinimumVisualStudioVersion = 10.0.40219.1
Project("{FAE04EC0-301F-11D3-BF4B-00C04F79EFBC}") = "csharp-prep", "csharp-prep.csproj", "{F01BE7D2-0BD5-E08A-4A39-9514A22575D2}"
EndProject
Project("{FAE04EC0-301F-11D3-BF4B-00C04F79EFBC}") = "prep1", "prep1\prep1.csproj", "{CC60149E-12B6-DAC3-877E-47EE6449BE2A}"
EndProject
Project("{FAE04EC0-301F-11D3-BF4B-00C04F79EFBC}") = "prep2", "prep2\prep2.csproj", "{69121A63-2EE1-768E-795E-3CD403F30F42}"
EndProject
Project("{FAE04EC0-301F-11D3-BF4B-00C04F79EFBC}") = "prep3", "prep3\prep3.csproj", "{085D16D2-00BA-0866-2957-C0C8B9F16C3A}"
EndProject
Project("{FAE04EC0-301F-11D3-BF4B-00C04F79EFBC}") = "prep4", "prep4\prep4.csproj", "{4AD4BC1B-5CD1-CBFA-1670-6E694CCFA607}"
EndProject
Global
	GlobalSection(SolutionConfigurationPlatforms) = preSolution
		Debug|Any CPU = Debug|Any CPU
		Release|Any CPU = Release|Any CPU
	EndGlobalSection
	GlobalSection(ProjectConfigurationPlatforms) = postSolution
		{F01BE7D2-0BD5-E08A-4A39-9514A22575D2}.Debug|Any CPU.ActiveCfg = Debug|Any CPU
		{F01BE7D2-0BD5-E08A-4A39-9514A22575D2}.Debug|Any CPU.Build.0 = Debug|Any CPU
		{F01BE7D2-0BD5-E08A-4A39-9514A22575D2}.Release|Any CPU.ActiveCfg = Release|Any CPU
		{F01BE7D2-0BD5-E08A-4A39-9514A22575D2}.Release|Any CPU.Build.0 = Release|Any CPU
		{CC60149E-12B6-DAC3-877E-47EE6449BE2A}.Debug|Any CPU.ActiveCfg = Debug|Any CPU
		{CC60149E-12B6-DAC3-877E-47EE6449BE2A}.Debug|Any CPU.Build.0 = Debug|Any CPU
		{CC60149E-12B6-DAC3-877E-47EE6449BE2A}.Release|Any CPU.ActiveCfg = Release|Any CPU
		{CC60149E-12B6-DAC3-877E-47EE6449BE2A}.Release|Any CPU.Build.0 = Release|Any CPU
		{69121A63-2EE1-768E-795E-3CD403F30F42}.Debug|Any CPU.ActiveCfg = Debug|Any CPU
		{69121A63-2EE1-768E-795E-3CD403F30F42}.Debug|Any CPU.Build.0 = Debug|Any CPU
		{69121A63-2EE1-768E-795E-3CD403F30F42}.Release|Any CPU.ActiveCfg = Release|Any CPU
		{69121A63-2EE1-768E-795E-3CD403F30F42}.Release|Any CPU.Build.0 = Release|Any CPU
		{085D16D2-00BA-0866-2957-C0C8B9F16C3A}.Debug|Any CPU.ActiveCfg = Debug|Any CPU
		{085D16D2-00BA-0866-2957-C0C8B9F16C3A}.Debug|Any CPU.Build.0 = Debug|Any CPU
		{085D16D2-00BA-0866-2957-C0C8B9F16C3A}.Release|Any CPU.ActiveCfg = Release|Any CPU
		{085D16D2-00BA-0866-2957-C0C8B9F16C3A}.Release|Any CPU.Build.0 = Release|Any CPU
		{4AD4BC1B-5CD1-CBFA-1670-6E694CCFA607}.Debug|Any CPU.ActiveCfg = Debug|Any CPU
		{4AD4BC1B-5CD1-CBFA-1670-6E694CCFA607}.Debug|Any CPU.Build.0 = Debug|Any CPU
		{4AD4BC1B-5CD1-CBFA-1670-6E694CCFA607}.Release|Any CPU.ActiveCfg = Release|Any CPU
		{4AD4BC1B-5CD1-CBFA-1670-6E694CCFA607}.Release|Any CPU.Build.0 = Release|Any CPU
	EndGlobalSection
	GlobalSection(SolutionProperties) = preSolution
		HideSolutionNode = FALSE
	EndGlobalSection
	GlobalSection(ExtensibilityGlobals) = postSolution
		SolutionGuid = {BA0571A8-BA2F-406E-9CA8-550B597D34C6}
	EndGlobalSection
EndGlobal
